
Microsoft Visual Studio Solution File, Format Version 12.00
Project("{FAE04EC0-301F-11D3-BF4B-00C04F79EFBC}") = "Faceit API", "Faceit API\Faceit API.csproj", "{FE881153-4CEF-4235-B107-4E4DA86AA258}"
EndProject
Global
	GlobalSection(SolutionConfigurationPlatforms) = preSolution
		Debug|Any CPU = Debug|Any CPU
		Release|Any CPU = Release|Any CPU
	EndGlobalSection
	GlobalSection(ProjectConfigurationPlatforms) = postSolution
		{FE881153-4CEF-4235-B107-4E4DA86AA258}.Debug|Any CPU.ActiveCfg = Debug|Any CPU
		{FE881153-4CEF-4235-B107-4E4DA86AA258}.Debug|Any CPU.Build.0 = Debug|Any CPU
		{FE881153-4CEF-4235-B107-4E4DA86AA258}.Release|Any CPU.ActiveCfg = Release|Any CPU
		{FE881153-4CEF-4235-B107-4E4DA86AA258}.Release|Any CPU.Build.0 = Release|Any CPU
	EndGlobalSection
EndGlobal
