{
  "name": "Faceit API",
  "version": "1.0.0",
  "lockfileVersion": 1,
  "requires": true,
  "dependencies": {
    "faceit-js-api": {
      "version": "0.3.3",
      "resolved": "https://registry.npmjs.org/faceit-js-api/-/faceit-js-api-0.3.3.tgz",
      "integrity": "sha512-9qZGHn4Ovo/b6CjBCtLP+PIvPqDmKb1hlkRdLYOeqyQTaixVxO3MjUDEtXfaYILhnj3QUQvMjH8bq5tsiUqNhg==",
      "dev": true
    }
  }
}
